{
  "object": {
    "pins": [
      {
        "package": "braze-swift-sdk",
        "repositoryURL": "https://github.com/braze-inc/braze-swift-sdk",
        "state": {
          "branch": null,
          "revision": "99e270648a03bc11595d4faf85ae1068fc9740b9",
          "version": "13.0.0"
        }
      },
      {
        "package": "SDWebImage",
        "repositoryURL": "https://github.com/SDWebImage/SDWebImage.git",
        "state": {
          "branch": null,
          "revision": "b62cb63bf4ed1f04c961a56c9c6c9d5ab8524ec6",
          "version": "5.21.1"
        }
      },
      {
        "package": "TealiumSwift",
        "repositoryURL": "https://github.com/tealium/tealium-swift",
        "state": {
          "branch": null,
          "revision": "0dad26baa86977fa9464494beac4c82f75c1b1ff",
          "version": "2.18.0"
        }
      }
    ]
  },
  "version": 1
}
